{
  "name": "node-bhttp-sample",
  "version": "1.0.0",
  "lockfileVersion": 2,
  "requires": true,
  "packages": {
    "": {
      "name": "node-bhttp-sample",
      "version": "1.0.0",
      "license": "MIT",
      "dependencies": {
        "bhttp-js": "^0.1.0"
      }
    },
    "node_modules/bhttp-js": {
      "version": "0.1.0",
      "resolved": "https://registry.npmjs.org/bhttp-js/-/bhttp-js-0.1.0.tgz",
      "integrity": "sha512-NxWyd2pfmdE78BFvwTXNhY0FqGm20Nj0GAYKc31dTdd7VDopX/2Q95GIPXb8J0Qu+n/LiOpvTfkkGaapbAlsng==",
      "engines": {
        "node": ">=16.0.0"
      }
    }
  },
  "dependencies": {
    "bhttp-js": {
      "version": "0.1.0",
      "resolved": "https://registry.npmjs.org/bhttp-js/-/bhttp-js-0.1.0.tgz",
      "integrity": "sha512-NxWyd2pfmdE78BFvwTXNhY0FqGm20Nj0GAYKc31dTdd7VDopX/2Q95GIPXb8J0Qu+n/LiOpvTfkkGaapbAlsng=="
    }
  }
}
