{
  "name": "node-bhttp-sample",
  "version": "1.0.0",
  "lockfileVersion": 3,
  "requires": true,
  "packages": {
    "": {
      "name": "node-bhttp-sample",
      "version": "1.0.0",
      "license": "MIT",
      "dependencies": {
        "bhttp-js": "^0.3.2"
      }
    },
    "node_modules/bhttp-js": {
      "version": "0.3.4",
      "resolved": "https://registry.npmjs.org/bhttp-js/-/bhttp-js-0.3.4.tgz",
      "integrity": "sha512-TKwbt/qfwpZfKA7qTBdMbhOCjXepGNK+bBmdn6hCDAfaIhkWGO9l7BDvHL2FgCD5Py2VMq2ZHsJRhMZTn9yhAQ==",
      "license": "MIT",
      "engines": {
        "node": ">=16.0.0"
      }
    }
  }
}
