{
  "name": "node-bhttp-sample",
  "version": "1.0.0",
  "lockfileVersion": 3,
  "requires": true,
  "packages": {
    "": {
      "name": "node-bhttp-sample",
      "version": "1.0.0",
      "license": "MIT",
      "dependencies": {
        "bhttp-js": "^0.3.6"
      }
    },
    "node_modules/bhttp-js": {
      "version": "0.3.6",
      "resolved": "https://registry.npmjs.org/bhttp-js/-/bhttp-js-0.3.6.tgz",
      "integrity": "sha512-KIi70GrM0C54dMKNAOra76hXCH1iIEwBD32mZHscMBt2lBYQIwd8xtt30ymlVAXJf2l24qitvyI4IV6l1+jnnA==",
      "license": "MIT",
      "engines": {
        "node": ">=16.0.0"
      }
    }
  }
}
